gopkg.in/check.v1 v1.0.0-20201130134442-10cb98267c6c h1:Hei/4ADfdWqiVTY2NkFmlkOjNzooCPQFC0y4C9/l5bA=
gopkg.in/check.v1 v1.0.0-20201130134442-10cb98267c6c/go.mod h1:Em2nun77cnLRrokTgDKl8rYMSHAED5iKHHJvl9xlpqDY=
gopkg.in/yaml.v3 v3.0.1 h1:fxVm/GzAzEWqLHuvctI91KS9hhNmmWOoWu0XTYJE68Cs=
gopkg.in/yaml.v3 v3.0.1/go.mod h1:K4uyk7z7BCEPqu6E+C64Yfv1cQ7kz7rIZviUmN+EgEM=
